
Microsoft Visual Studio Solution File, Format Version 12.00
# Visual Studio Version 17
VisualStudioVersion = 17.12.35527.113 d17.12
MinimumVisualStudioVersion = 10.0.40219.1
Project("{FAE04EC0-301F-11D3-BF4B-00C04F79EFBC}") = "ass4 final", "ass4 final\ass4 final.csproj", "{AA5D2D4A-52B3-481E-B202-2F75768D461B}"
EndProject
Global
	GlobalSection(SolutionConfigurationPlatforms) = preSolution
		Debug|Any CPU = Debug|Any CPU
		Release|Any CPU = Release|Any CPU
	EndGlobalSection
	GlobalSection(ProjectConfigurationPlatforms) = postSolution
		{AA5D2D4A-52B3-481E-B202-2F75768D461B}.Debug|Any CPU.ActiveCfg = Debug|Any CPU
		{AA5D2D4A-52B3-481E-B202-2F75768D461B}.Debug|Any CPU.Build.0 = Debug|Any CPU
		{AA5D2D4A-52B3-481E-B202-2F75768D461B}.Release|Any CPU.ActiveCfg = Release|Any CPU
		{AA5D2D4A-52B3-481E-B202-2F75768D461B}.Release|Any CPU.Build.0 = Release|Any CPU
	EndGlobalSection
	GlobalSection(SolutionProperties) = preSolution
		HideSolutionNode = FALSE
	EndGlobalSection
EndGlobal
